
Microsoft Visual Studio Solution File, Format Version 12.00
# Visual Studio Version 16
VisualStudioVersion = 16.0.32002.261
MinimumVisualStudioVersion = 10.0.40219.1
Project("{FAE04EC0-301F-11D3-BF4B-00C04F79EFBC}") = "ArraysAndLists", "ArraysAndLists.csproj", "{FC927814-DDEB-4FF3-8689-6A7FC2D984E1}"
EndProject
Global
	GlobalSection(SolutionConfigurationPlatforms) = preSolution
		Debug|Any CPU = Debug|Any CPU
		Release|Any CPU = Release|Any CPU
	EndGlobalSection
	GlobalSection(ProjectConfigurationPlatforms) = postSolution
		{FC927814-DDEB-4FF3-8689-6A7FC2D984E1}.Debug|Any CPU.ActiveCfg = Debug|Any CPU
		{FC927814-DDEB-4FF3-8689-6A7FC2D984E1}.Debug|Any CPU.Build.0 = Debug|Any CPU
		{FC927814-DDEB-4FF3-8689-6A7FC2D984E1}.Release|Any CPU.ActiveCfg = Release|Any CPU
		{FC927814-DDEB-4FF3-8689-6A7FC2D984E1}.Release|Any CPU.Build.0 = Release|Any CPU
	EndGlobalSection
	GlobalSection(SolutionProperties) = preSolution
		HideSolutionNode = FALSE
	EndGlobalSection
	GlobalSection(ExtensibilityGlobals) = postSolution
		SolutionGuid = {C9AE0A07-F4DA-4CDD-9C89-7092C08BCFD3}
	EndGlobalSection
EndGlobal
