
Microsoft Visual Studio Solution File, Format Version 12.00
# Visual Studio Version 16
VisualStudioVersion = 16.0.32002.261
MinimumVisualStudioVersion = 10.0.40219.1
Project("{FAE04EC0-301F-11D3-BF4B-00C04F79EFBC}") = "Iterations", "Iterations.csproj", "{399AD03F-C704-4E6F-8313-C5C501289EC9}"
EndProject
Global
	GlobalSection(SolutionConfigurationPlatforms) = preSolution
		Debug|Any CPU = Debug|Any CPU
		Release|Any CPU = Release|Any CPU
	EndGlobalSection
	GlobalSection(ProjectConfigurationPlatforms) = postSolution
		{399AD03F-C704-4E6F-8313-C5C501289EC9}.Debug|Any CPU.ActiveCfg = Debug|Any CPU
		{399AD03F-C704-4E6F-8313-C5C501289EC9}.Debug|Any CPU.Build.0 = Debug|Any CPU
		{399AD03F-C704-4E6F-8313-C5C501289EC9}.Release|Any CPU.ActiveCfg = Release|Any CPU
		{399AD03F-C704-4E6F-8313-C5C501289EC9}.Release|Any CPU.Build.0 = Release|Any CPU
	EndGlobalSection
	GlobalSection(SolutionProperties) = preSolution
		HideSolutionNode = FALSE
	EndGlobalSection
	GlobalSection(ExtensibilityGlobals) = postSolution
		SolutionGuid = {C9754D2F-0C34-4E0F-9C5A-B2E1E8DB267A}
	EndGlobalSection
EndGlobal
