
Microsoft Visual Studio Solution File, Format Version 12.00
# Visual Studio Version 16
VisualStudioVersion = 16.0.32002.261
MinimumVisualStudioVersion = 10.0.40219.1
Project("{FAE04EC0-301F-11D3-BF4B-00C04F79EFBC}") = "6_Part_Assignment", "6_Part_Assignment.csproj", "{A47D1DC6-FF90-446B-9A7A-29B33710E9AF}"
EndProject
Global
	GlobalSection(SolutionConfigurationPlatforms) = preSolution
		Debug|Any CPU = Debug|Any CPU
		Release|Any CPU = Release|Any CPU
	EndGlobalSection
	GlobalSection(ProjectConfigurationPlatforms) = postSolution
		{A47D1DC6-FF90-446B-9A7A-29B33710E9AF}.Debug|Any CPU.ActiveCfg = Debug|Any CPU
		{A47D1DC6-FF90-446B-9A7A-29B33710E9AF}.Debug|Any CPU.Build.0 = Debug|Any CPU
		{A47D1DC6-FF90-446B-9A7A-29B33710E9AF}.Release|Any CPU.ActiveCfg = Release|Any CPU
		{A47D1DC6-FF90-446B-9A7A-29B33710E9AF}.Release|Any CPU.Build.0 = Release|Any CPU
	EndGlobalSection
	GlobalSection(SolutionProperties) = preSolution
		HideSolutionNode = FALSE
	EndGlobalSection
	GlobalSection(ExtensibilityGlobals) = postSolution
		SolutionGuid = {9A8212FC-6F6B-4D95-B8E5-73DA5C72C38E}
	EndGlobalSection
EndGlobal
