
Microsoft Visual Studio Solution File, Format Version 12.00
# Visual Studio Version 16
VisualStudioVersion = 16.0.32002.261
MinimumVisualStudioVersion = 10.0.40219.1
Project("{FAE04EC0-301F-11D3-BF4B-00C04F79EFBC}") = "Main_Method_Assignment", "Main_Method_Assignment.csproj", "{6AFD1EBE-4B99-4939-88F1-2605D9F4C7B6}"
EndProject
Global
	GlobalSection(SolutionConfigurationPlatforms) = preSolution
		Debug|Any CPU = Debug|Any CPU
		Release|Any CPU = Release|Any CPU
	EndGlobalSection
	GlobalSection(ProjectConfigurationPlatforms) = postSolution
		{6AFD1EBE-4B99-4939-88F1-2605D9F4C7B6}.Debug|Any CPU.ActiveCfg = Debug|Any CPU
		{6AFD1EBE-4B99-4939-88F1-2605D9F4C7B6}.Debug|Any CPU.Build.0 = Debug|Any CPU
		{6AFD1EBE-4B99-4939-88F1-2605D9F4C7B6}.Release|Any CPU.ActiveCfg = Release|Any CPU
		{6AFD1EBE-4B99-4939-88F1-2605D9F4C7B6}.Release|Any CPU.Build.0 = Release|Any CPU
	EndGlobalSection
	GlobalSection(SolutionProperties) = preSolution
		HideSolutionNode = FALSE
	EndGlobalSection
	GlobalSection(ExtensibilityGlobals) = postSolution
		SolutionGuid = {B9048F71-22AB-4DD3-8DE7-F116C8F6A9AE}
	EndGlobalSection
EndGlobal
