
Microsoft Visual Studio Solution File, Format Version 12.00
# Visual Studio Version 16
VisualStudioVersion = 16.0.32002.261
MinimumVisualStudioVersion = 10.0.40219.1
Project("{FAE04EC0-301F-11D3-BF4B-00C04F79EFBC}") = "ExceptionHandling", "ExceptionHandling.csproj", "{C3461D29-E443-4C9D-836F-7F3E78318F74}"
EndProject
Global
	GlobalSection(SolutionConfigurationPlatforms) = preSolution
		Debug|Any CPU = Debug|Any CPU
		Release|Any CPU = Release|Any CPU
	EndGlobalSection
	GlobalSection(ProjectConfigurationPlatforms) = postSolution
		{C3461D29-E443-4C9D-836F-7F3E78318F74}.Debug|Any CPU.ActiveCfg = Debug|Any CPU
		{C3461D29-E443-4C9D-836F-7F3E78318F74}.Debug|Any CPU.Build.0 = Debug|Any CPU
		{C3461D29-E443-4C9D-836F-7F3E78318F74}.Release|Any CPU.ActiveCfg = Release|Any CPU
		{C3461D29-E443-4C9D-836F-7F3E78318F74}.Release|Any CPU.Build.0 = Release|Any CPU
	EndGlobalSection
	GlobalSection(SolutionProperties) = preSolution
		HideSolutionNode = FALSE
	EndGlobalSection
	GlobalSection(ExtensibilityGlobals) = postSolution
		SolutionGuid = {987B3EC6-4DA7-4AF9-B618-844D96565571}
	EndGlobalSection
EndGlobal
