
Microsoft Visual Studio Solution File, Format Version 12.00
# Visual Studio Version 16
VisualStudioVersion = 16.0.32002.261
MinimumVisualStudioVersion = 10.0.40219.1
Project("{FAE04EC0-301F-11D3-BF4B-00C04F79EFBC}") = "DateTime_Assignment", "DateTime_Assignment.csproj", "{EF527CE9-FB73-44C9-AA71-7BBC7D91758B}"
EndProject
Global
	GlobalSection(SolutionConfigurationPlatforms) = preSolution
		Debug|Any CPU = Debug|Any CPU
		Release|Any CPU = Release|Any CPU
	EndGlobalSection
	GlobalSection(ProjectConfigurationPlatforms) = postSolution
		{EF527CE9-FB73-44C9-AA71-7BBC7D91758B}.Debug|Any CPU.ActiveCfg = Debug|Any CPU
		{EF527CE9-FB73-44C9-AA71-7BBC7D91758B}.Debug|Any CPU.Build.0 = Debug|Any CPU
		{EF527CE9-FB73-44C9-AA71-7BBC7D91758B}.Release|Any CPU.ActiveCfg = Release|Any CPU
		{EF527CE9-FB73-44C9-AA71-7BBC7D91758B}.Release|Any CPU.Build.0 = Release|Any CPU
	EndGlobalSection
	GlobalSection(SolutionProperties) = preSolution
		HideSolutionNode = FALSE
	EndGlobalSection
	GlobalSection(ExtensibilityGlobals) = postSolution
		SolutionGuid = {EBCBF309-774A-4DBE-9067-6A16D61F60D4}
	EndGlobalSection
EndGlobal
